
Microsoft Visual Studio Solution File, Format Version 12.00
Project("{FAE04EC0-301F-11D3-BF4B-00C04F79EFBC}") = "RugerTek.McpServers.SequentialThinking", "RugerTek.McpServers.SequentialThinking\RugerTek.McpServers.SequentialThinking.csproj", "{0E7F4437-3CD0-4906-8C5D-70D35458774E}"
EndProject
Global
	GlobalSection(SolutionConfigurationPlatforms) = preSolution
		Debug|Any CPU = Debug|Any CPU
		Release|Any CPU = Release|Any CPU
	EndGlobalSection
	GlobalSection(ProjectConfigurationPlatforms) = postSolution
		{0E7F4437-3CD0-4906-8C5D-70D35458774E}.Debug|Any CPU.ActiveCfg = Debug|Any CPU
		{0E7F4437-3CD0-4906-8C5D-70D35458774E}.Debug|Any CPU.Build.0 = Debug|Any CPU
		{0E7F4437-3CD0-4906-8C5D-70D35458774E}.Release|Any CPU.ActiveCfg = Release|Any CPU
		{0E7F4437-3CD0-4906-8C5D-70D35458774E}.Release|Any CPU.Build.0 = Release|Any CPU
	EndGlobalSection
EndGlobal
